
Microsoft Visual Studio Solution File, Format Version 12.00
# Visual Studio Version 17
VisualStudioVersion = 17.8.34330.188
MinimumVisualStudioVersion = 10.0.40219.1
Project("{FAE04EC0-301F-11D3-BF4B-00C04F79EFBC}") = "PetsApp", "PetsApp.csproj", "{68658E7B-FD53-49F3-9361-F8A2D4928D99}"
EndProject
Global
	GlobalSection(SolutionConfigurationPlatforms) = preSolution
		Debug|Any CPU = Debug|Any CPU
		Release|Any CPU = Release|Any CPU
	EndGlobalSection
	GlobalSection(ProjectConfigurationPlatforms) = postSolution
		{68658E7B-FD53-49F3-9361-F8A2D4928D99}.Debug|Any CPU.ActiveCfg = Debug|Any CPU
		{68658E7B-FD53-49F3-9361-F8A2D4928D99}.Debug|Any CPU.Build.0 = Debug|Any CPU
		{68658E7B-FD53-49F3-9361-F8A2D4928D99}.Release|Any CPU.ActiveCfg = Release|Any CPU
		{68658E7B-FD53-49F3-9361-F8A2D4928D99}.Release|Any CPU.Build.0 = Release|Any CPU
	EndGlobalSection
	GlobalSection(SolutionProperties) = preSolution
		HideSolutionNode = FALSE
	EndGlobalSection
	GlobalSection(ExtensibilityGlobals) = postSolution
		SolutionGuid = {B4C6D572-3A2E-4FC6-ACB1-56A0EB2A925F}
	EndGlobalSection
EndGlobal
